
Microsoft Visual Studio Solution File, Format Version 12.00
# Visual Studio Version 16
VisualStudioVersion = 16.0.30204.135
MinimumVisualStudioVersion = 10.0.40219.1
Project("{FAE04EC0-301F-11D3-BF4B-00C04F79EFBC}") = "WpfApp1", "WpfApp1\WpfApp1.csproj", "{519BE2EB-5BE4-456D-A134-D798D5D3755C}"
EndProject
Project("{FAE04EC0-301F-11D3-BF4B-00C04F79EFBC}") = "WpfControlApp", "WpfControlApp\WpfControlApp.csproj", "{92BB04D2-0329-422C-9B83-34FA54157578}"
EndProject
Global
	GlobalSection(SolutionConfigurationPlatforms) = preSolution
		Debug|Any CPU = Debug|Any CPU
		Release|Any CPU = Release|Any CPU
	EndGlobalSection
	GlobalSection(ProjectConfigurationPlatforms) = postSolution
		{519BE2EB-5BE4-456D-A134-D798D5D3755C}.Debug|Any CPU.ActiveCfg = Debug|Any CPU
		{519BE2EB-5BE4-456D-A134-D798D5D3755C}.Debug|Any CPU.Build.0 = Debug|Any CPU
		{519BE2EB-5BE4-456D-A134-D798D5D3755C}.Release|Any CPU.ActiveCfg = Release|Any CPU
		{519BE2EB-5BE4-456D-A134-D798D5D3755C}.Release|Any CPU.Build.0 = Release|Any CPU
		{92BB04D2-0329-422C-9B83-34FA54157578}.Debug|Any CPU.ActiveCfg = Debug|Any CPU
		{92BB04D2-0329-422C-9B83-34FA54157578}.Debug|Any CPU.Build.0 = Debug|Any CPU
		{92BB04D2-0329-422C-9B83-34FA54157578}.Release|Any CPU.ActiveCfg = Release|Any CPU
		{92BB04D2-0329-422C-9B83-34FA54157578}.Release|Any CPU.Build.0 = Release|Any CPU
	EndGlobalSection
	GlobalSection(SolutionProperties) = preSolution
		HideSolutionNode = FALSE
	EndGlobalSection
	GlobalSection(ExtensibilityGlobals) = postSolution
		SolutionGuid = {AD27CE97-BB11-4E4E-8164-0DF1D7BD4134}
	EndGlobalSection
EndGlobal
